
Microsoft Visual Studio Solution File, Format Version 12.00
# Visual Studio Version 16
VisualStudioVersion = 16.0.31321.278
MinimumVisualStudioVersion = 10.0.40219.1
Project("{FAE04EC0-301F-11D3-BF4B-00C04F79EFBC}") = "NETCore5Udemy", "NETCore5Udemy.csproj", "{5DD095A0-4B79-426D-BA50-673DDEE5F95D}"
EndProject
Global
	GlobalSection(SolutionConfigurationPlatforms) = preSolution
		Debug|Any CPU = Debug|Any CPU
		Release|Any CPU = Release|Any CPU
	EndGlobalSection
	GlobalSection(ProjectConfigurationPlatforms) = postSolution
		{5DD095A0-4B79-426D-BA50-673DDEE5F95D}.Debug|Any CPU.ActiveCfg = Debug|Any CPU
		{5DD095A0-4B79-426D-BA50-673DDEE5F95D}.Debug|Any CPU.Build.0 = Debug|Any CPU
		{5DD095A0-4B79-426D-BA50-673DDEE5F95D}.Release|Any CPU.ActiveCfg = Release|Any CPU
		{5DD095A0-4B79-426D-BA50-673DDEE5F95D}.Release|Any CPU.Build.0 = Release|Any CPU
	EndGlobalSection
	GlobalSection(SolutionProperties) = preSolution
		HideSolutionNode = FALSE
	EndGlobalSection
	GlobalSection(ExtensibilityGlobals) = postSolution
		SolutionGuid = {DEC9FC92-8DDC-4059-ADDC-B18C3DD4F52E}
	EndGlobalSection
EndGlobal
